
Microsoft Visual Studio Solution File, Format Version 12.00
# Visual Studio Version 16
VisualStudioVersion = 16.0.30717.126
MinimumVisualStudioVersion = 10.0.40219.1
Project("{9A19103F-16F7-4668-BE54-9A1E7A4F7556}") = "CrownEngine", "CrownEngine\CrownEngine.csproj", "{CFE80315-108A-46B9-8086-0353312D4F78}"
EndProject
Project("{9A19103F-16F7-4668-BE54-9A1E7A4F7556}") = "CenturionGame", "CenturionGame\CenturionGame.csproj", "{23CB8210-F23B-4FF2-9D39-DE131F3256EA}"
EndProject
Project("{9A19103F-16F7-4668-BE54-9A1E7A4F7556}") = "Twinshot", "Twinshot\Twinshot.csproj", "{315D1C92-2C60-43A9-9469-79DB9239B42B}"
	ProjectSection(ProjectDependencies) = postProject
		{CFE80315-108A-46B9-8086-0353312D4F78} = {CFE80315-108A-46B9-8086-0353312D4F78}
	EndProjectSection
EndProject
Project("{9A19103F-16F7-4668-BE54-9A1E7A4F7556}") = "Roll", "Roll\Roll.csproj", "{D50B20F0-6390-423B-8B80-DC7BAA3DD511}"
EndProject
Project("{9A19103F-16F7-4668-BE54-9A1E7A4F7556}") = "Deprecated", "Deprecated\Deprecated.csproj", "{2DB6330F-4AD2-4842-9CB2-F0853175CA23}"
EndProject
Project("{9A19103F-16F7-4668-BE54-9A1E7A4F7556}") = "LudumDareFifty", "LudumDareFifty\LudumDareFifty.csproj", "{53DDFFA6-6392-4EC5-8B18-862271A04FD1}"
EndProject
Project("{FAE04EC0-301F-11D3-BF4B-00C04F79EFBC}") = "Sandbox", "Sandbox\Sandbox.csproj", "{769757B9-EB76-44DE-A027-A2686F3F72B3}"
EndProject
Global
	GlobalSection(SolutionConfigurationPlatforms) = preSolution
		Debug|Any CPU = Debug|Any CPU
		Debug|ARM = Debug|ARM
		Debug|x64 = Debug|x64
		Debug|x86 = Debug|x86
		Release|Any CPU = Release|Any CPU
		Release|ARM = Release|ARM
		Release|x64 = Release|x64
		Release|x86 = Release|x86
	EndGlobalSection
	GlobalSection(ProjectConfigurationPlatforms) = postSolution
		{CFE80315-108A-46B9-8086-0353312D4F78}.Debug|Any CPU.ActiveCfg = Debug|Any CPU
		{CFE80315-108A-46B9-8086-0353312D4F78}.Debug|Any CPU.Build.0 = Debug|Any CPU
		{CFE80315-108A-46B9-8086-0353312D4F78}.Debug|ARM.ActiveCfg = Debug|Any CPU
		{CFE80315-108A-46B9-8086-0353312D4F78}.Debug|ARM.Build.0 = Debug|Any CPU
		{CFE80315-108A-46B9-8086-0353312D4F78}.Debug|x64.ActiveCfg = Debug|Any CPU
		{CFE80315-108A-46B9-8086-0353312D4F78}.Debug|x64.Build.0 = Debug|Any CPU
		{CFE80315-108A-46B9-8086-0353312D4F78}.Debug|x86.ActiveCfg = Debug|Any CPU
		{CFE80315-108A-46B9-8086-0353312D4F78}.Debug|x86.Build.0 = Debug|Any CPU
		{CFE80315-108A-46B9-8086-0353312D4F78}.Release|Any CPU.ActiveCfg = Release|Any CPU
		{CFE80315-108A-46B9-8086-0353312D4F78}.Release|Any CPU.Build.0 = Release|Any CPU
		{CFE80315-108A-46B9-8086-0353312D4F78}.Release|ARM.ActiveCfg = Release|Any CPU
		{CFE80315-108A-46B9-8086-0353312D4F78}.Release|ARM.Build.0 = Release|Any CPU
		{CFE80315-108A-46B9-8086-0353312D4F78}.Release|x64.ActiveCfg = Release|Any CPU
		{CFE80315-108A-46B9-8086-0353312D4F78}.Release|x64.Build.0 = Release|Any CPU
		{CFE80315-108A-46B9-8086-0353312D4F78}.Release|x86.ActiveCfg = Release|Any CPU
		{CFE80315-108A-46B9-8086-0353312D4F78}.Release|x86.Build.0 = Release|Any CPU
		{23CB8210-F23B-4FF2-9D39-DE131F3256EA}.Debug|Any CPU.ActiveCfg = Debug|Any CPU
		{23CB8210-F23B-4FF2-9D39-DE131F3256EA}.Debug|Any CPU.Build.0 = Debug|Any CPU
		{23CB8210-F23B-4FF2-9D39-DE131F3256EA}.Debug|ARM.ActiveCfg = Debug|Any CPU
		{23CB8210-F23B-4FF2-9D39-DE131F3256EA}.Debug|ARM.Build.0 = Debug|Any CPU
		{23CB8210-F23B-4FF2-9D39-DE131F3256EA}.Debug|x64.ActiveCfg = Debug|Any CPU
		{23CB8210-F23B-4FF2-9D39-DE131F3256EA}.Debug|x64.Build.0 = Debug|Any CPU
		{23CB8210-F23B-4FF2-9D39-DE131F3256EA}.Debug|x86.ActiveCfg = Debug|Any CPU
		{23CB8210-F23B-4FF2-9D39-DE131F3256EA}.Debug|x86.Build.0 = Debug|Any CPU
		{23CB8210-F23B-4FF2-9D39-DE131F3256EA}.Release|Any CPU.ActiveCfg = Release|Any CPU
		{23CB8210-F23B-4FF2-9D39-DE131F3256EA}.Release|Any CPU.Build.0 = Release|Any CPU
		{23CB8210-F23B-4FF2-9D39-DE131F3256EA}.Release|ARM.ActiveCfg = Release|Any CPU
		{23CB8210-F23B-4FF2-9D39-DE131F3256EA}.Release|ARM.Build.0 = Release|Any CPU
		{23CB8210-F23B-4FF2-9D39-DE131F3256EA}.Release|x64.ActiveCfg = Release|Any CPU
		{23CB8210-F23B-4FF2-9D39-DE131F3256EA}.Release|x64.Build.0 = Release|Any CPU
		{23CB8210-F23B-4FF2-9D39-DE131F3256EA}.Release|x86.ActiveCfg = Release|Any CPU
		{23CB8210-F23B-4FF2-9D39-DE131F3256EA}.Release|x86.Build.0 = Release|Any CPU
		{315D1C92-2C60-43A9-9469-79DB9239B42B}.Debug|Any CPU.ActiveCfg = Debug|Any CPU
		{315D1C92-2C60-43A9-9469-79DB9239B42B}.Debug|Any CPU.Build.0 = Debug|Any CPU
		{315D1C92-2C60-43A9-9469-79DB9239B42B}.Debug|ARM.ActiveCfg = Debug|Any CPU
		{315D1C92-2C60-43A9-9469-79DB9239B42B}.Debug|ARM.Build.0 = Debug|Any CPU
		{315D1C92-2C60-43A9-9469-79DB9239B42B}.Debug|x64.ActiveCfg = Debug|Any CPU
		{315D1C92-2C60-43A9-9469-79DB9239B42B}.Debug|x64.Build.0 = Debug|Any CPU
		{315D1C92-2C60-43A9-9469-79DB9239B42B}.Debug|x86.ActiveCfg = Debug|Any CPU
		{315D1C92-2C60-43A9-9469-79DB9239B42B}.Debug|x86.Build.0 = Debug|Any CPU
		{315D1C92-2C60-43A9-9469-79DB9239B42B}.Release|Any CPU.ActiveCfg = Release|Any CPU
		{315D1C92-2C60-43A9-9469-79DB9239B42B}.Release|Any CPU.Build.0 = Release|Any CPU
		{315D1C92-2C60-43A9-9469-79DB9239B42B}.Release|ARM.ActiveCfg = Release|Any CPU
		{315D1C92-2C60-43A9-9469-79DB9239B42B}.Release|ARM.Build.0 = Release|Any CPU
		{315D1C92-2C60-43A9-9469-79DB9239B42B}.Release|x64.ActiveCfg = Release|Any CPU
		{315D1C92-2C60-43A9-9469-79DB9239B42B}.Release|x64.Build.0 = Release|Any CPU
		{315D1C92-2C60-43A9-9469-79DB9239B42B}.Release|x86.ActiveCfg = Release|Any CPU
		{315D1C92-2C60-43A9-9469-79DB9239B42B}.Release|x86.Build.0 = Release|Any CPU
		{D50B20F0-6390-423B-8B80-DC7BAA3DD511}.Debug|Any CPU.ActiveCfg = Debug|Any CPU
		{D50B20F0-6390-423B-8B80-DC7BAA3DD511}.Debug|Any CPU.Build.0 = Debug|Any CPU
		{D50B20F0-6390-423B-8B80-DC7BAA3DD511}.Debug|ARM.ActiveCfg = Debug|Any CPU
		{D50B20F0-6390-423B-8B80-DC7BAA3DD511}.Debug|ARM.Build.0 = Debug|Any CPU
		{D50B20F0-6390-423B-8B80-DC7BAA3DD511}.Debug|x64.ActiveCfg = Debug|Any CPU
		{D50B20F0-6390-423B-8B80-DC7BAA3DD511}.Debug|x64.Build.0 = Debug|Any CPU
		{D50B20F0-6390-423B-8B80-DC7BAA3DD511}.Debug|x86.ActiveCfg = Debug|Any CPU
		{D50B20F0-6390-423B-8B80-DC7BAA3DD511}.Debug|x86.Build.0 = Debug|Any CPU
		{D50B20F0-6390-423B-8B80-DC7BAA3DD511}.Release|Any CPU.ActiveCfg = Release|Any CPU
		{D50B20F0-6390-423B-8B80-DC7BAA3DD511}.Release|Any CPU.Build.0 = Release|Any CPU
		{D50B20F0-6390-423B-8B80-DC7BAA3DD511}.Release|ARM.ActiveCfg = Release|Any CPU
		{D50B20F0-6390-423B-8B80-DC7BAA3DD511}.Release|ARM.Build.0 = Release|Any CPU
		{D50B20F0-6390-423B-8B80-DC7BAA3DD511}.Release|x64.ActiveCfg = Release|Any CPU
		{D50B20F0-6390-423B-8B80-DC7BAA3DD511}.Release|x64.Build.0 = Release|Any CPU
		{D50B20F0-6390-423B-8B80-DC7BAA3DD511}.Release|x86.ActiveCfg = Release|Any CPU
		{D50B20F0-6390-423B-8B80-DC7BAA3DD511}.Release|x86.Build.0 = Release|Any CPU
		{2DB6330F-4AD2-4842-9CB2-F0853175CA23}.Debug|Any CPU.ActiveCfg = Debug|Any CPU
		{2DB6330F-4AD2-4842-9CB2-F0853175CA23}.Debug|Any CPU.Build.0 = Debug|Any CPU
		{2DB6330F-4AD2-4842-9CB2-F0853175CA23}.Debug|ARM.ActiveCfg = Debug|Any CPU
		{2DB6330F-4AD2-4842-9CB2-F0853175CA23}.Debug|ARM.Build.0 = Debug|Any CPU
		{2DB6330F-4AD2-4842-9CB2-F0853175CA23}.Debug|x64.ActiveCfg = Debug|Any CPU
		{2DB6330F-4AD2-4842-9CB2-F0853175CA23}.Debug|x64.Build.0 = Debug|Any CPU
		{2DB6330F-4AD2-4842-9CB2-F0853175CA23}.Debug|x86.ActiveCfg = Debug|Any CPU
		{2DB6330F-4AD2-4842-9CB2-F0853175CA23}.Debug|x86.Build.0 = Debug|Any CPU
		{2DB6330F-4AD2-4842-9CB2-F0853175CA23}.Release|Any CPU.ActiveCfg = Release|Any CPU
		{2DB6330F-4AD2-4842-9CB2-F0853175CA23}.Release|Any CPU.Build.0 = Release|Any CPU
		{2DB6330F-4AD2-4842-9CB2-F0853175CA23}.Release|ARM.ActiveCfg = Release|Any CPU
		{2DB6330F-4AD2-4842-9CB2-F0853175CA23}.Release|ARM.Build.0 = Release|Any CPU
		{2DB6330F-4AD2-4842-9CB2-F0853175CA23}.Release|x64.ActiveCfg = Release|Any CPU
		{2DB6330F-4AD2-4842-9CB2-F0853175CA23}.Release|x64.Build.0 = Release|Any CPU
		{2DB6330F-4AD2-4842-9CB2-F0853175CA23}.Release|x86.ActiveCfg = Release|Any CPU
		{2DB6330F-4AD2-4842-9CB2-F0853175CA23}.Release|x86.Build.0 = Release|Any CPU
		{53DDFFA6-6392-4EC5-8B18-862271A04FD1}.Debug|Any CPU.ActiveCfg = Debug|Any CPU
		{53DDFFA6-6392-4EC5-8B18-862271A04FD1}.Debug|Any CPU.Build.0 = Debug|Any CPU
		{53DDFFA6-6392-4EC5-8B18-862271A04FD1}.Debug|ARM.ActiveCfg = Debug|Any CPU
		{53DDFFA6-6392-4EC5-8B18-862271A04FD1}.Debug|ARM.Build.0 = Debug|Any CPU
		{53DDFFA6-6392-4EC5-8B18-862271A04FD1}.Debug|x64.ActiveCfg = Debug|Any CPU
		{53DDFFA6-6392-4EC5-8B18-862271A04FD1}.Debug|x64.Build.0 = Debug|Any CPU
		{53DDFFA6-6392-4EC5-8B18-862271A04FD1}.Debug|x86.ActiveCfg = Debug|Any CPU
		{53DDFFA6-6392-4EC5-8B18-862271A04FD1}.Debug|x86.Build.0 = Debug|Any CPU
		{53DDFFA6-6392-4EC5-8B18-862271A04FD1}.Release|Any CPU.ActiveCfg = Release|Any CPU
		{53DDFFA6-6392-4EC5-8B18-862271A04FD1}.Release|Any CPU.Build.0 = Release|Any CPU
		{53DDFFA6-6392-4EC5-8B18-862271A04FD1}.Release|ARM.ActiveCfg = Release|Any CPU
		{53DDFFA6-6392-4EC5-8B18-862271A04FD1}.Release|ARM.Build.0 = Release|Any CPU
		{53DDFFA6-6392-4EC5-8B18-862271A04FD1}.Release|x64.ActiveCfg = Release|Any CPU
		{53DDFFA6-6392-4EC5-8B18-862271A04FD1}.Release|x64.Build.0 = Release|Any CPU
		{53DDFFA6-6392-4EC5-8B18-862271A04FD1}.Release|x86.ActiveCfg = Release|Any CPU
		{53DDFFA6-6392-4EC5-8B18-862271A04FD1}.Release|x86.Build.0 = Release|Any CPU
		{769757B9-EB76-44DE-A027-A2686F3F72B3}.Debug|Any CPU.ActiveCfg = Debug|Any CPU
		{769757B9-EB76-44DE-A027-A2686F3F72B3}.Debug|Any CPU.Build.0 = Debug|Any CPU
		{769757B9-EB76-44DE-A027-A2686F3F72B3}.Debug|ARM.ActiveCfg = Debug|Any CPU
		{769757B9-EB76-44DE-A027-A2686F3F72B3}.Debug|ARM.Build.0 = Debug|Any CPU
		{769757B9-EB76-44DE-A027-A2686F3F72B3}.Debug|x64.ActiveCfg = Debug|Any CPU
		{769757B9-EB76-44DE-A027-A2686F3F72B3}.Debug|x64.Build.0 = Debug|Any CPU
		{769757B9-EB76-44DE-A027-A2686F3F72B3}.Debug|x86.ActiveCfg = Debug|Any CPU
		{769757B9-EB76-44DE-A027-A2686F3F72B3}.Debug|x86.Build.0 = Debug|Any CPU
		{769757B9-EB76-44DE-A027-A2686F3F72B3}.Release|Any CPU.ActiveCfg = Release|Any CPU
		{769757B9-EB76-44DE-A027-A2686F3F72B3}.Release|Any CPU.Build.0 = Release|Any CPU
		{769757B9-EB76-44DE-A027-A2686F3F72B3}.Release|ARM.ActiveCfg = Release|Any CPU
		{769757B9-EB76-44DE-A027-A2686F3F72B3}.Release|ARM.Build.0 = Release|Any CPU
		{769757B9-EB76-44DE-A027-A2686F3F72B3}.Release|x64.ActiveCfg = Release|Any CPU
		{769757B9-EB76-44DE-A027-A2686F3F72B3}.Release|x64.Build.0 = Release|Any CPU
		{769757B9-EB76-44DE-A027-A2686F3F72B3}.Release|x86.ActiveCfg = Release|Any CPU
		{769757B9-EB76-44DE-A027-A2686F3F72B3}.Release|x86.Build.0 = Release|Any CPU
	EndGlobalSection
	GlobalSection(SolutionProperties) = preSolution
		HideSolutionNode = FALSE
	EndGlobalSection
	GlobalSection(ExtensibilityGlobals) = postSolution
		SolutionGuid = {9CA65A28-E250-48A7-966F-F3C70FFC77B9}
	EndGlobalSection
EndGlobal
